
Microsoft Visual Studio Solution File, Format Version 12.00
# Visual Studio Version 16
VisualStudioVersion = 16.0.29306.81
MinimumVisualStudioVersion = 10.0.40219.1
Project("{FAE04EC0-301F-11D3-BF4B-00C04F79EFBC}") = "hello martin", "hello martin\hello martin.csproj", "{32D3011B-85FA-4C9E-8E23-6310043D8E0B}"
EndProject
Global
	GlobalSection(SolutionConfigurationPlatforms) = preSolution
		Debug|Any CPU = Debug|Any CPU
		Release|Any CPU = Release|Any CPU
	EndGlobalSection
	GlobalSection(ProjectConfigurationPlatforms) = postSolution
		{32D3011B-85FA-4C9E-8E23-6310043D8E0B}.Debug|Any CPU.ActiveCfg = Debug|Any CPU
		{32D3011B-85FA-4C9E-8E23-6310043D8E0B}.Debug|Any CPU.Build.0 = Debug|Any CPU
		{32D3011B-85FA-4C9E-8E23-6310043D8E0B}.Release|Any CPU.ActiveCfg = Release|Any CPU
		{32D3011B-85FA-4C9E-8E23-6310043D8E0B}.Release|Any CPU.Build.0 = Release|Any CPU
	EndGlobalSection
	GlobalSection(SolutionProperties) = preSolution
		HideSolutionNode = FALSE
	EndGlobalSection
	GlobalSection(ExtensibilityGlobals) = postSolution
		SolutionGuid = {B3C7B21A-9580-4740-8695-75FF813F3B3D}
	EndGlobalSection
EndGlobal
